
Microsoft Visual Studio Solution File, Format Version 12.00
# Visual Studio Version 16
VisualStudioVersion = 16.0.29519.87
MinimumVisualStudioVersion = 10.0.40219.1
Project("{FAE04EC0-301F-11D3-BF4B-00C04F79EFBC}") = "IIS Active-Passive Failover", "IIS Active-Passive Failover.csproj", "{36CA915C-8074-4C94-87CF-9D7C441EAE45}"
EndProject
Project("{FAE04EC0-301F-11D3-BF4B-00C04F79EFBC}") = "Test Harness", "..\Test Harness\Test Harness.csproj", "{B0160313-3457-441F-B1EF-4D779FDD5DC3}"
EndProject
Global
	GlobalSection(SolutionConfigurationPlatforms) = preSolution
		Debug|Any CPU = Debug|Any CPU
		Release|Any CPU = Release|Any CPU
	EndGlobalSection
	GlobalSection(ProjectConfigurationPlatforms) = postSolution
		{36CA915C-8074-4C94-87CF-9D7C441EAE45}.Debug|Any CPU.ActiveCfg = Debug|Any CPU
		{36CA915C-8074-4C94-87CF-9D7C441EAE45}.Debug|Any CPU.Build.0 = Debug|Any CPU
		{36CA915C-8074-4C94-87CF-9D7C441EAE45}.Release|Any CPU.ActiveCfg = Release|Any CPU
		{36CA915C-8074-4C94-87CF-9D7C441EAE45}.Release|Any CPU.Build.0 = Release|Any CPU
		{B0160313-3457-441F-B1EF-4D779FDD5DC3}.Debug|Any CPU.ActiveCfg = Debug|Any CPU
		{B0160313-3457-441F-B1EF-4D779FDD5DC3}.Debug|Any CPU.Build.0 = Debug|Any CPU
		{B0160313-3457-441F-B1EF-4D779FDD5DC3}.Release|Any CPU.ActiveCfg = Release|Any CPU
		{B0160313-3457-441F-B1EF-4D779FDD5DC3}.Release|Any CPU.Build.0 = Release|Any CPU
	EndGlobalSection
	GlobalSection(SolutionProperties) = preSolution
		HideSolutionNode = FALSE
	EndGlobalSection
	GlobalSection(ExtensibilityGlobals) = postSolution
		SolutionGuid = {E9F9D996-0B17-4455-8FA2-65DC9FD82443}
	EndGlobalSection
EndGlobal
